
Microsoft Visual Studio Solution File, Format Version 12.00
Project("{FAE04EC0-301F-11D3-BF4B-00C04F79EFBC}") = "FiveSpnLoggerClientLibrary", "FiveSpnLoggerClientLibrary\FiveSpnLoggerClientLibrary.csproj", "{3DFCEA24-0833-4181-9731-55DA02C65317}"
EndProject
Project("{FAE04EC0-301F-11D3-BF4B-00C04F79EFBC}") = "FiveSpnLoggerServerLibrary", "FiveSpnLoggerServerLibrary\FiveSpnLoggerServerLibrary.csproj", "{8575D0D3-5B9E-4154-ACDB-486197A019E7}"
EndProject
Project("{FAE04EC0-301F-11D3-BF4B-00C04F79EFBC}") = "FiveSpnLoggerServer", "FiveSpnLoggerServer\FiveSpnLoggerServer.csproj", "{8E332513-608B-469A-98EB-9BBF841AB39B}"
EndProject
Global
	GlobalSection(SolutionConfigurationPlatforms) = preSolution
		Debug|Any CPU = Debug|Any CPU
		Release|Any CPU = Release|Any CPU
	EndGlobalSection
	GlobalSection(ProjectConfigurationPlatforms) = postSolution
		{3DFCEA24-0833-4181-9731-55DA02C65317}.Debug|Any CPU.ActiveCfg = Debug|Any CPU
		{3DFCEA24-0833-4181-9731-55DA02C65317}.Debug|Any CPU.Build.0 = Debug|Any CPU
		{3DFCEA24-0833-4181-9731-55DA02C65317}.Release|Any CPU.ActiveCfg = Release|Any CPU
		{3DFCEA24-0833-4181-9731-55DA02C65317}.Release|Any CPU.Build.0 = Release|Any CPU
		{8575D0D3-5B9E-4154-ACDB-486197A019E7}.Debug|Any CPU.ActiveCfg = Debug|Any CPU
		{8575D0D3-5B9E-4154-ACDB-486197A019E7}.Debug|Any CPU.Build.0 = Debug|Any CPU
		{8575D0D3-5B9E-4154-ACDB-486197A019E7}.Release|Any CPU.ActiveCfg = Release|Any CPU
		{8575D0D3-5B9E-4154-ACDB-486197A019E7}.Release|Any CPU.Build.0 = Release|Any CPU
		{8E332513-608B-469A-98EB-9BBF841AB39B}.Debug|Any CPU.ActiveCfg = Debug|Any CPU
		{8E332513-608B-469A-98EB-9BBF841AB39B}.Debug|Any CPU.Build.0 = Debug|Any CPU
		{8E332513-608B-469A-98EB-9BBF841AB39B}.Release|Any CPU.ActiveCfg = Release|Any CPU
		{8E332513-608B-469A-98EB-9BBF841AB39B}.Release|Any CPU.Build.0 = Release|Any CPU
	EndGlobalSection
EndGlobal
